
Microsoft Visual Studio Solution File, Format Version 12.00
# Visual Studio Version 16
VisualStudioVersion = 16.0.31005.135
MinimumVisualStudioVersion = 10.0.40219.1
Project("{9A19103F-16F7-4668-BE54-9A1E7A4F7556}") = "InvestmentApi", "InvestmentApi.csproj", "{383A9C1F-06B0-41BD-8756-DB75739A0854}"
EndProject
Project("{9A19103F-16F7-4668-BE54-9A1E7A4F7556}") = "InvestmentShared", "..\InvestmentShared\InvestmentShared.csproj", "{F825C208-83B3-4C51-803C-ADC6F0F30DA9}"
EndProject
Project("{9A19103F-16F7-4668-BE54-9A1E7A4F7556}") = "InvestmentData", "..\InvestmentData\InvestmentData.csproj", "{8BBB17C3-A2EA-4DF9-98E9-6727AE0C15C7}"
EndProject
Project("{9A19103F-16F7-4668-BE54-9A1E7A4F7556}") = "InvestmentApi.Test", "..\InvestmentApi.Test\InvestmentApi.Test.csproj", "{EFF71043-11E5-42F4-80C3-D27B70B0E01A}"
EndProject
Project("{FAE04EC0-301F-11D3-BF4B-00C04F79EFBC}") = "InvestmentLogic", "..\InvestmentLogic\InvestmentLogic.csproj", "{47A9C801-76D9-43D8-951A-E2B0C4DDCD21}"
EndProject
Global
	GlobalSection(SolutionConfigurationPlatforms) = preSolution
		Debug|Any CPU = Debug|Any CPU
		Release|Any CPU = Release|Any CPU
	EndGlobalSection
	GlobalSection(ProjectConfigurationPlatforms) = postSolution
		{383A9C1F-06B0-41BD-8756-DB75739A0854}.Debug|Any CPU.ActiveCfg = Debug|Any CPU
		{383A9C1F-06B0-41BD-8756-DB75739A0854}.Debug|Any CPU.Build.0 = Debug|Any CPU
		{383A9C1F-06B0-41BD-8756-DB75739A0854}.Release|Any CPU.ActiveCfg = Release|Any CPU
		{383A9C1F-06B0-41BD-8756-DB75739A0854}.Release|Any CPU.Build.0 = Release|Any CPU
		{F825C208-83B3-4C51-803C-ADC6F0F30DA9}.Debug|Any CPU.ActiveCfg = Debug|Any CPU
		{F825C208-83B3-4C51-803C-ADC6F0F30DA9}.Debug|Any CPU.Build.0 = Debug|Any CPU
		{F825C208-83B3-4C51-803C-ADC6F0F30DA9}.Release|Any CPU.ActiveCfg = Release|Any CPU
		{F825C208-83B3-4C51-803C-ADC6F0F30DA9}.Release|Any CPU.Build.0 = Release|Any CPU
		{8BBB17C3-A2EA-4DF9-98E9-6727AE0C15C7}.Debug|Any CPU.ActiveCfg = Debug|Any CPU
		{8BBB17C3-A2EA-4DF9-98E9-6727AE0C15C7}.Debug|Any CPU.Build.0 = Debug|Any CPU
		{8BBB17C3-A2EA-4DF9-98E9-6727AE0C15C7}.Release|Any CPU.ActiveCfg = Release|Any CPU
		{8BBB17C3-A2EA-4DF9-98E9-6727AE0C15C7}.Release|Any CPU.Build.0 = Release|Any CPU
		{EFF71043-11E5-42F4-80C3-D27B70B0E01A}.Debug|Any CPU.ActiveCfg = Debug|Any CPU
		{EFF71043-11E5-42F4-80C3-D27B70B0E01A}.Debug|Any CPU.Build.0 = Debug|Any CPU
		{EFF71043-11E5-42F4-80C3-D27B70B0E01A}.Release|Any CPU.ActiveCfg = Release|Any CPU
		{EFF71043-11E5-42F4-80C3-D27B70B0E01A}.Release|Any CPU.Build.0 = Release|Any CPU
		{47A9C801-76D9-43D8-951A-E2B0C4DDCD21}.Debug|Any CPU.ActiveCfg = Debug|Any CPU
		{47A9C801-76D9-43D8-951A-E2B0C4DDCD21}.Debug|Any CPU.Build.0 = Debug|Any CPU
		{47A9C801-76D9-43D8-951A-E2B0C4DDCD21}.Release|Any CPU.ActiveCfg = Release|Any CPU
		{47A9C801-76D9-43D8-951A-E2B0C4DDCD21}.Release|Any CPU.Build.0 = Release|Any CPU
	EndGlobalSection
	GlobalSection(SolutionProperties) = preSolution
		HideSolutionNode = FALSE
	EndGlobalSection
	GlobalSection(ExtensibilityGlobals) = postSolution
		SolutionGuid = {C43B6346-8589-41BC-93FF-CF9C7C0BBD5B}
	EndGlobalSection
EndGlobal
